
Microsoft Visual Studio Solution File, Format Version 12.00
# Visual Studio Version 16
VisualStudioVersion = 16.0.30011.22
MinimumVisualStudioVersion = 10.0.40219.1
Project("{FAE04EC0-301F-11D3-BF4B-00C04F79EFBC}") = "vp-webservice-dotnet-sample", "vp-webservice-dotnet-sample.csproj", "{C4EC1680-F9C2-4761-A7AF-414FDB98AA44}"
EndProject
Global
	GlobalSection(SolutionConfigurationPlatforms) = preSolution
		Debug|Any CPU = Debug|Any CPU
		Release|Any CPU = Release|Any CPU
	EndGlobalSection
	GlobalSection(ProjectConfigurationPlatforms) = postSolution
		{C4EC1680-F9C2-4761-A7AF-414FDB98AA44}.Debug|Any CPU.ActiveCfg = Debug|Any CPU
		{C4EC1680-F9C2-4761-A7AF-414FDB98AA44}.Debug|Any CPU.Build.0 = Debug|Any CPU
		{C4EC1680-F9C2-4761-A7AF-414FDB98AA44}.Release|Any CPU.ActiveCfg = Release|Any CPU
		{C4EC1680-F9C2-4761-A7AF-414FDB98AA44}.Release|Any CPU.Build.0 = Release|Any CPU
	EndGlobalSection
	GlobalSection(SolutionProperties) = preSolution
		HideSolutionNode = FALSE
	EndGlobalSection
	GlobalSection(ExtensibilityGlobals) = postSolution
		SolutionGuid = {E9834A6C-1C12-4579-A147-1D23F282AD81}
	EndGlobalSection
EndGlobal
